schema: '2.0'
stages:
  prepare:
    cmd: python prepare_data.py
    deps:
    - path: data/test.txt
      hash: md5
      md5: 856d0acb7f15b33fb23a9293bd065c29
      size: 59014222
    - path: data/train.txt
      hash: md5
      md5: 62d2494f0304f72d577fc7976e4c5f2b
      size: 206647423
    - path: data/val.txt
      hash: md5
      md5: 35a338a2eb090e63b72841c4af14a0d6
      size: 29509914
    - path: prepare_data.py
      hash: md5
      md5: 2ed6b032e147a34a652a9735e482c007
      size: 10874
    outs:
    - path: outputs/test_set.pt
      hash: md5
      md5: f8633bade75e5c4e3fe6ca524ec53ad7
      size: 1784412962
    - path: outputs/train_set.pt
      hash: md5
      md5: 66dc1b3ec9b9bece8f5d9da4552e7488
      size: 6279688358
    - path: outputs/val_set.pt
      hash: md5
      md5: 5220f199a1c771e51aa34f9269763583
      size: 890951346
  train:
    cmd: python train.py
    deps:
    - path: conf/config.yaml
      hash: md5
      md5: b67582223798109c7730d361d848b4b9
      size: 736
    - path: outputs/train_set.pt
      hash: md5
      md5: 66dc1b3ec9b9bece8f5d9da4552e7488
      size: 6279688358
    - path: train.py
      hash: md5
      md5: 2da290a9508837d7438bdf6d59111ce5
      size: 13169
    outs:
    - path: outputs/model.pt
      hash: md5
      md5: 29f59f63ec1ad1ba1aceb9f3eb88fe2f
      size: 10624330
  evaluate:
    cmd: python evaluate.py
    deps:
    - path: data/test.txt
      hash: md5
      md5: 856d0acb7f15b33fb23a9293bd065c29
      size: 59014222
    - path: data/val.txt
      hash: md5
      md5: 35a338a2eb090e63b72841c4af14a0d6
      size: 29509914
    - path: outputs/model.pt
      hash: md5
      md5: 29f59f63ec1ad1ba1aceb9f3eb88fe2f
      size: 10624330
    - path: outputs/run_id.txt
      hash: md5
      md5: c78e3a1429f065379dfb4998cb890139
      size: 8
    - path: outputs/test_set.pt
      hash: md5
      md5: f8633bade75e5c4e3fe6ca524ec53ad7
      size: 1784412962
    - path: outputs/val_set.pt
      hash: md5
      md5: 5220f199a1c771e51aa34f9269763583
      size: 890951346
    outs:
    - path: outputs/test_metrics.json
      hash: md5
      md5: 7659995ef0f98abcb3e6f518e54e2ac1
      size: 300
    - path: outputs/val_metrics.json
      hash: md5
      md5: 758addf30d1ef2fb14e160eb6f3ac66c
      size: 299
